// {
//   "requires": true,
//   "lockfileVersion": 1,
//   "dependencies": {
//     "tesseract.js-core": {
//       "version": "2.2.0",
//       "resolved": "https://registry.npmjs.org/tesseract.js-core/-/tesseract.js-core-2.2.0.tgz",
//       "integrity": "sha512-a8L+OJTbUipBsEDsJhDPlnLB0TY1MkTZqw5dqUwmiDSjUzwvU7HWLg/2+WDRulKUi4LE+7PnHlaBlW0k+V0U0w=="
//     }
//   }
// }
